
Microsoft Visual Studio Solution File, Format Version 12.00
# Visual Studio Version 17
VisualStudioVersion = 17.3.32922.545
MinimumVisualStudioVersion = 10.0.40219.1
Project("{FAE04EC0-301F-11D3-BF4B-00C04F79EFBC}") = "230414GitRepositories", "230414GitRepositories\230414GitRepositories.csproj", "{D1115804-6E4F-4484-AC97-DBC5B0F09224}"
EndProject
Project("{FAE04EC0-301F-11D3-BF4B-00C04F79EFBC}") = "UpDownGame", "UpDownGame\UpDownGame.csproj", "{8E90DB2F-6E40-4383-ADBD-71A20EA045C0}"
EndProject
Project("{FAE04EC0-301F-11D3-BF4B-00C04F79EFBC}") = "SlidePuzzle", "SlidePuzzle\SlidePuzzle.csproj", "{EB05E8D7-61E1-45F1-B5EB-5DC88831CC09}"
EndProject
Global
	GlobalSection(SolutionConfigurationPlatforms) = preSolution
		Debug|Any CPU = Debug|Any CPU
		Release|Any CPU = Release|Any CPU
	EndGlobalSection
	GlobalSection(ProjectConfigurationPlatforms) = postSolution
		{D1115804-6E4F-4484-AC97-DBC5B0F09224}.Debug|Any CPU.ActiveCfg = Debug|Any CPU
		{D1115804-6E4F-4484-AC97-DBC5B0F09224}.Debug|Any CPU.Build.0 = Debug|Any CPU
		{D1115804-6E4F-4484-AC97-DBC5B0F09224}.Release|Any CPU.ActiveCfg = Release|Any CPU
		{D1115804-6E4F-4484-AC97-DBC5B0F09224}.Release|Any CPU.Build.0 = Release|Any CPU
		{8E90DB2F-6E40-4383-ADBD-71A20EA045C0}.Debug|Any CPU.ActiveCfg = Debug|Any CPU
		{8E90DB2F-6E40-4383-ADBD-71A20EA045C0}.Debug|Any CPU.Build.0 = Debug|Any CPU
		{8E90DB2F-6E40-4383-ADBD-71A20EA045C0}.Release|Any CPU.ActiveCfg = Release|Any CPU
		{8E90DB2F-6E40-4383-ADBD-71A20EA045C0}.Release|Any CPU.Build.0 = Release|Any CPU
		{EB05E8D7-61E1-45F1-B5EB-5DC88831CC09}.Debug|Any CPU.ActiveCfg = Debug|Any CPU
		{EB05E8D7-61E1-45F1-B5EB-5DC88831CC09}.Debug|Any CPU.Build.0 = Debug|Any CPU
		{EB05E8D7-61E1-45F1-B5EB-5DC88831CC09}.Release|Any CPU.ActiveCfg = Release|Any CPU
		{EB05E8D7-61E1-45F1-B5EB-5DC88831CC09}.Release|Any CPU.Build.0 = Release|Any CPU
	EndGlobalSection
	GlobalSection(SolutionProperties) = preSolution
		HideSolutionNode = FALSE
	EndGlobalSection
	GlobalSection(ExtensibilityGlobals) = postSolution
		SolutionGuid = {34621A99-D024-4D78-87DB-DC86B3FB08AA}
	EndGlobalSection
EndGlobal
